
Microsoft Visual Studio Solution File, Format Version 12.00
# Visual Studio Version 17
VisualStudioVersion = 17.1.32421.90
MinimumVisualStudioVersion = 10.0.40219.1
Project("{FAE04EC0-301F-11D3-BF4B-00C04F79EFBC}") = "YogaDBLibrary", "YogaDBLibrary\YogaDBLibrary.csproj", "{DADC4CED-F0EF-45CF-8B76-E768B2D6A3EB}"
EndProject
Project("{FAE04EC0-301F-11D3-BF4B-00C04F79EFBC}") = "JogaCentar", "JogaCentar\JogaCentar.csproj", "{FB16DBA6-8069-46FC-9FD7-FDE812B759EF}"
EndProject
Project("{FAE04EC0-301F-11D3-BF4B-00C04F79EFBC}") = "JogaCentar2", "JogaCentar2\JogaCentar2.csproj", "{6536FC52-9710-44D4-9168-21393B8FFA34}"
EndProject
Global
	GlobalSection(SolutionConfigurationPlatforms) = preSolution
		Debug|Any CPU = Debug|Any CPU
		Release|Any CPU = Release|Any CPU
	EndGlobalSection
	GlobalSection(ProjectConfigurationPlatforms) = postSolution
		{DADC4CED-F0EF-45CF-8B76-E768B2D6A3EB}.Debug|Any CPU.ActiveCfg = Debug|Any CPU
		{DADC4CED-F0EF-45CF-8B76-E768B2D6A3EB}.Debug|Any CPU.Build.0 = Debug|Any CPU
		{DADC4CED-F0EF-45CF-8B76-E768B2D6A3EB}.Release|Any CPU.ActiveCfg = Release|Any CPU
		{DADC4CED-F0EF-45CF-8B76-E768B2D6A3EB}.Release|Any CPU.Build.0 = Release|Any CPU
		{FB16DBA6-8069-46FC-9FD7-FDE812B759EF}.Debug|Any CPU.ActiveCfg = Debug|Any CPU
		{FB16DBA6-8069-46FC-9FD7-FDE812B759EF}.Debug|Any CPU.Build.0 = Debug|Any CPU
		{FB16DBA6-8069-46FC-9FD7-FDE812B759EF}.Release|Any CPU.ActiveCfg = Release|Any CPU
		{FB16DBA6-8069-46FC-9FD7-FDE812B759EF}.Release|Any CPU.Build.0 = Release|Any CPU
		{6536FC52-9710-44D4-9168-21393B8FFA34}.Debug|Any CPU.ActiveCfg = Debug|Any CPU
		{6536FC52-9710-44D4-9168-21393B8FFA34}.Debug|Any CPU.Build.0 = Debug|Any CPU
		{6536FC52-9710-44D4-9168-21393B8FFA34}.Release|Any CPU.ActiveCfg = Release|Any CPU
		{6536FC52-9710-44D4-9168-21393B8FFA34}.Release|Any CPU.Build.0 = Release|Any CPU
	EndGlobalSection
	GlobalSection(SolutionProperties) = preSolution
		HideSolutionNode = FALSE
	EndGlobalSection
	GlobalSection(ExtensibilityGlobals) = postSolution
		SolutionGuid = {8D36B7CF-1FD7-4D15-B485-9E8B65850345}
	EndGlobalSection
EndGlobal
